
Microsoft Visual Studio Solution File, Format Version 12.00
# Visual Studio Version 16
VisualStudioVersion = 16.0.30717.126
MinimumVisualStudioVersion = 10.0.40219.1
Project("{FAE04EC0-301F-11D3-BF4B-00C04F79EFBC}") = "MailDisk-GUI", "MailDisk-GUI\MailDisk-GUI.csproj", "{B21FA876-FD48-42F0-8B2B-A08B24671DB9}"
EndProject
Global
	GlobalSection(SolutionConfigurationPlatforms) = preSolution
		Debug|Any CPU = Debug|Any CPU
		Release|Any CPU = Release|Any CPU
	EndGlobalSection
	GlobalSection(ProjectConfigurationPlatforms) = postSolution
		{B21FA876-FD48-42F0-8B2B-A08B24671DB9}.Debug|Any CPU.ActiveCfg = Debug|Any CPU
		{B21FA876-FD48-42F0-8B2B-A08B24671DB9}.Debug|Any CPU.Build.0 = Debug|Any CPU
		{B21FA876-FD48-42F0-8B2B-A08B24671DB9}.Release|Any CPU.ActiveCfg = Release|Any CPU
		{B21FA876-FD48-42F0-8B2B-A08B24671DB9}.Release|Any CPU.Build.0 = Release|Any CPU
	EndGlobalSection
	GlobalSection(SolutionProperties) = preSolution
		HideSolutionNode = FALSE
	EndGlobalSection
	GlobalSection(ExtensibilityGlobals) = postSolution
		SolutionGuid = {99ABBE37-373C-4151-9CC1-8F0A99D7C420}
	EndGlobalSection
EndGlobal
