
Microsoft Visual Studio Solution File, Format Version 12.00
# Visual Studio 15
VisualStudioVersion = 15.0.28307.168
MinimumVisualStudioVersion = 10.0.40219.1
Project("{FAE04EC0-301F-11D3-BF4B-00C04F79EFBC}") = "maildisk", "maildisk\maildisk.csproj", "{40D245C7-6840-4A9B-AEA9-4F9503013CC0}"
EndProject
Global
	GlobalSection(SolutionConfigurationPlatforms) = preSolution
		Debug|Any CPU = Debug|Any CPU
		Release|Any CPU = Release|Any CPU
	EndGlobalSection
	GlobalSection(ProjectConfigurationPlatforms) = postSolution
		{40D245C7-6840-4A9B-AEA9-4F9503013CC0}.Debug|Any CPU.ActiveCfg = Debug|Any CPU
		{40D245C7-6840-4A9B-AEA9-4F9503013CC0}.Debug|Any CPU.Build.0 = Debug|Any CPU
		{40D245C7-6840-4A9B-AEA9-4F9503013CC0}.Release|Any CPU.ActiveCfg = Release|Any CPU
		{40D245C7-6840-4A9B-AEA9-4F9503013CC0}.Release|Any CPU.Build.0 = Release|Any CPU
	EndGlobalSection
	GlobalSection(SolutionProperties) = preSolution
		HideSolutionNode = FALSE
	EndGlobalSection
	GlobalSection(ExtensibilityGlobals) = postSolution
		SolutionGuid = {6FBAA721-B24C-48A4-AA71-CA4D6CD539C2}
	EndGlobalSection
EndGlobal
